
Microsoft Visual Studio Solution File, Format Version 12.00
# Visual Studio Version 17
VisualStudioVersion = 17.11.35312.102
MinimumVisualStudioVersion = 10.0.40219.1
Project("{2150E333-8FDC-42A3-9474-1A3956D46DE8}") = "src", "src", "{5EAD4589-094C-43E6-933F-92E7A8B6B1FD}"
EndProject
Project("{2150E333-8FDC-42A3-9474-1A3956D46DE8}") = "tests", "tests", "{5E406618-D315-46F2-93AF-8322F6656453}"
EndProject
Project("{2150E333-8FDC-42A3-9474-1A3956D46DE8}") = "Backend", "Backend", "{2C67369A-626E-4E1A-88D1-F7B2E53FECCF}"
EndProject
Project("{2150E333-8FDC-42A3-9474-1A3956D46DE8}") = "Shared", "Shared", "{16FB7FB9-ED02-48BC-B952-4BDA3861727D}"
EndProject
Project("{FAE04EC0-301F-11D3-BF4B-00C04F79EFBC}") = "MyRecipeBook.Api", "src\Backend\MyRecipeBook.Api\MyRecipeBook.Api.csproj", "{72AD3E4E-10F7-4523-89BD-2535B000A620}"
EndProject
Project("{FAE04EC0-301F-11D3-BF4B-00C04F79EFBC}") = "MyRecipeBook.Application", "src\Backend\MyRecipeBook.Application\MyRecipeBook.Application.csproj", "{CA36DF20-28CC-4814-917D-7348FCB1F6DE}"
EndProject
Project("{FAE04EC0-301F-11D3-BF4B-00C04F79EFBC}") = "MyRecipeBook.Domain", "src\Backend\MyRecipeBook.Domain\MyRecipeBook.Domain.csproj", "{75091F77-BA96-4C3B-879D-A367D70D3DB1}"
EndProject
Project("{FAE04EC0-301F-11D3-BF4B-00C04F79EFBC}") = "MyRecipeBook.Infrastructure", "src\Backend\MyRecipeBook.Infrastructure\MyRecipeBook.Infrastructure.csproj", "{A3A82EDF-CC47-43A4-9A0D-2EADD6FE9BC2}"
EndProject
Project("{FAE04EC0-301F-11D3-BF4B-00C04F79EFBC}") = "MyRecipeBook.Communication", "src\Shared\MyRecipeBook.Communication\MyRecipeBook.Communication.csproj", "{E459D732-6D1C-4CF5-A8EB-E3877F0F2710}"
EndProject
Project("{FAE04EC0-301F-11D3-BF4B-00C04F79EFBC}") = "MyRecipeBook.Exceptions", "src\Shared\MyRecipeBook.Exceptions\MyRecipeBook.Exceptions.csproj", "{DCB2F074-0D36-42F1-9A2A-87E6A9720ADB}"
EndProject
Global
	GlobalSection(SolutionConfigurationPlatforms) = preSolution
		Debug|Any CPU = Debug|Any CPU
		Release|Any CPU = Release|Any CPU
	EndGlobalSection
	GlobalSection(ProjectConfigurationPlatforms) = postSolution
		{72AD3E4E-10F7-4523-89BD-2535B000A620}.Debug|Any CPU.ActiveCfg = Debug|Any CPU
		{72AD3E4E-10F7-4523-89BD-2535B000A620}.Debug|Any CPU.Build.0 = Debug|Any CPU
		{72AD3E4E-10F7-4523-89BD-2535B000A620}.Release|Any CPU.ActiveCfg = Release|Any CPU
		{72AD3E4E-10F7-4523-89BD-2535B000A620}.Release|Any CPU.Build.0 = Release|Any CPU
		{CA36DF20-28CC-4814-917D-7348FCB1F6DE}.Debug|Any CPU.ActiveCfg = Debug|Any CPU
		{CA36DF20-28CC-4814-917D-7348FCB1F6DE}.Debug|Any CPU.Build.0 = Debug|Any CPU
		{CA36DF20-28CC-4814-917D-7348FCB1F6DE}.Release|Any CPU.ActiveCfg = Release|Any CPU
		{CA36DF20-28CC-4814-917D-7348FCB1F6DE}.Release|Any CPU.Build.0 = Release|Any CPU
		{75091F77-BA96-4C3B-879D-A367D70D3DB1}.Debug|Any CPU.ActiveCfg = Debug|Any CPU
		{75091F77-BA96-4C3B-879D-A367D70D3DB1}.Debug|Any CPU.Build.0 = Debug|Any CPU
		{75091F77-BA96-4C3B-879D-A367D70D3DB1}.Release|Any CPU.ActiveCfg = Release|Any CPU
		{75091F77-BA96-4C3B-879D-A367D70D3DB1}.Release|Any CPU.Build.0 = Release|Any CPU
		{A3A82EDF-CC47-43A4-9A0D-2EADD6FE9BC2}.Debug|Any CPU.ActiveCfg = Debug|Any CPU
		{A3A82EDF-CC47-43A4-9A0D-2EADD6FE9BC2}.Debug|Any CPU.Build.0 = Debug|Any CPU
		{A3A82EDF-CC47-43A4-9A0D-2EADD6FE9BC2}.Release|Any CPU.ActiveCfg = Release|Any CPU
		{A3A82EDF-CC47-43A4-9A0D-2EADD6FE9BC2}.Release|Any CPU.Build.0 = Release|Any CPU
		{E459D732-6D1C-4CF5-A8EB-E3877F0F2710}.Debug|Any CPU.ActiveCfg = Debug|Any CPU
		{E459D732-6D1C-4CF5-A8EB-E3877F0F2710}.Debug|Any CPU.Build.0 = Debug|Any CPU
		{E459D732-6D1C-4CF5-A8EB-E3877F0F2710}.Release|Any CPU.ActiveCfg = Release|Any CPU
		{E459D732-6D1C-4CF5-A8EB-E3877F0F2710}.Release|Any CPU.Build.0 = Release|Any CPU
		{DCB2F074-0D36-42F1-9A2A-87E6A9720ADB}.Debug|Any CPU.ActiveCfg = Debug|Any CPU
		{DCB2F074-0D36-42F1-9A2A-87E6A9720ADB}.Debug|Any CPU.Build.0 = Debug|Any CPU
		{DCB2F074-0D36-42F1-9A2A-87E6A9720ADB}.Release|Any CPU.ActiveCfg = Release|Any CPU
		{DCB2F074-0D36-42F1-9A2A-87E6A9720ADB}.Release|Any CPU.Build.0 = Release|Any CPU
	EndGlobalSection
	GlobalSection(SolutionProperties) = preSolution
		HideSolutionNode = FALSE
	EndGlobalSection
	GlobalSection(NestedProjects) = preSolution
		{2C67369A-626E-4E1A-88D1-F7B2E53FECCF} = {5EAD4589-094C-43E6-933F-92E7A8B6B1FD}
		{16FB7FB9-ED02-48BC-B952-4BDA3861727D} = {5EAD4589-094C-43E6-933F-92E7A8B6B1FD}
		{72AD3E4E-10F7-4523-89BD-2535B000A620} = {2C67369A-626E-4E1A-88D1-F7B2E53FECCF}
		{CA36DF20-28CC-4814-917D-7348FCB1F6DE} = {2C67369A-626E-4E1A-88D1-F7B2E53FECCF}
		{75091F77-BA96-4C3B-879D-A367D70D3DB1} = {2C67369A-626E-4E1A-88D1-F7B2E53FECCF}
		{A3A82EDF-CC47-43A4-9A0D-2EADD6FE9BC2} = {2C67369A-626E-4E1A-88D1-F7B2E53FECCF}
		{E459D732-6D1C-4CF5-A8EB-E3877F0F2710} = {16FB7FB9-ED02-48BC-B952-4BDA3861727D}
		{DCB2F074-0D36-42F1-9A2A-87E6A9720ADB} = {16FB7FB9-ED02-48BC-B952-4BDA3861727D}
	EndGlobalSection
	GlobalSection(ExtensibilityGlobals) = postSolution
		SolutionGuid = {56188B16-677E-4283-BF99-E1584823262E}
	EndGlobalSection
EndGlobal
